
Microsoft Visual Studio Solution File, Format Version 12.00
Project("{2150E333-8FDC-42A3-9474-1A3956D46DE8}") = "demos", "demos", "{0702E6BC-8F03-4672-972A-E16CBBD3424E}"
EndProject
Project("{2150E333-8FDC-42A3-9474-1A3956D46DE8}") = "tests", "tests", "{F9E94722-061B-4A10-896F-880442F76D1F}"
EndProject
Project("{FAE04EC0-301F-11D3-BF4B-00C04F79EFBC}") = "ConsoleApp1", "demos\ConsoleApp1\ConsoleApp1.csproj", "{9CBAAAC1-91D3-490F-ABA8-8EFB77C50F0E}"
EndProject
Project("{FAE04EC0-301F-11D3-BF4B-00C04F79EFBC}") = "Reports.Html.Tests", "tests\Reports.Html.Tests\Reports.Html.Tests.csproj", "{B2E04F07-6B8C-4522-8799-8F5619875BD5}"
EndProject
Project("{FAE04EC0-301F-11D3-BF4B-00C04F79EFBC}") = "Reports.Tests", "tests\Reports.Tests\Reports.Tests.csproj", "{45EFC336-0978-4C5C-91B6-22541C463736}"
EndProject
Project("{2150E333-8FDC-42A3-9474-1A3956D46DE8}") = "src", "src", "{26DBFC2D-CE5F-488B-BC42-230CFA1DABBB}"
EndProject
Project("{FAE04EC0-301F-11D3-BF4B-00C04F79EFBC}") = "Reports", "src\Reports\Reports.csproj", "{1A08F77C-F8A2-4742-9365-E2F98AAB183D}"
EndProject
Project("{FAE04EC0-301F-11D3-BF4B-00C04F79EFBC}") = "Reports.Excel", "src\Reports.Excel\Reports.Excel.csproj", "{1077C660-4E04-447D-8598-64A2DEED23C2}"
EndProject
Project("{FAE04EC0-301F-11D3-BF4B-00C04F79EFBC}") = "Reports.Extensions.Builders", "src\Reports.Extensions.Builders\Reports.Extensions.Builders.csproj", "{D23AEABD-9B3C-40C2-A709-E54B2C839059}"
EndProject
Project("{FAE04EC0-301F-11D3-BF4B-00C04F79EFBC}") = "Reports.Extensions.Properties", "src\Reports.Extensions.Properties\Reports.Extensions.Properties.csproj", "{33E4D3E5-D03C-4B78-8C79-DE00CE52A28B}"
EndProject
Project("{FAE04EC0-301F-11D3-BF4B-00C04F79EFBC}") = "Reports.Html", "src\Reports.Html\Reports.Html.csproj", "{B2B7FCF0-AAE4-411D-884A-3367FB7F9223}"
EndProject
Project("{FAE04EC0-301F-11D3-BF4B-00C04F79EFBC}") = "Reports.Excel.EpplusWriter", "src\Reports.Excel.EpplusWriter\Reports.Excel.EpplusWriter.csproj", "{58AAED8B-C3A1-4A6B-971E-E6DB3AA086F3}"
EndProject
Project("{FAE04EC0-301F-11D3-BF4B-00C04F79EFBC}") = "Reports.Html.StringWriter", "src\Reports.Html.StringWriter\Reports.Html.StringWriter.csproj", "{FEDCC5D1-C6CD-4DB4-9BB6-9D4DB2AD1DD1}"
EndProject
Global
	GlobalSection(SolutionConfigurationPlatforms) = preSolution
		Debug|Any CPU = Debug|Any CPU
		Release|Any CPU = Release|Any CPU
	EndGlobalSection
	GlobalSection(ProjectConfigurationPlatforms) = postSolution
		{9CBAAAC1-91D3-490F-ABA8-8EFB77C50F0E}.Debug|Any CPU.ActiveCfg = Debug|Any CPU
		{9CBAAAC1-91D3-490F-ABA8-8EFB77C50F0E}.Debug|Any CPU.Build.0 = Debug|Any CPU
		{9CBAAAC1-91D3-490F-ABA8-8EFB77C50F0E}.Release|Any CPU.ActiveCfg = Release|Any CPU
		{9CBAAAC1-91D3-490F-ABA8-8EFB77C50F0E}.Release|Any CPU.Build.0 = Release|Any CPU
		{B2E04F07-6B8C-4522-8799-8F5619875BD5}.Debug|Any CPU.ActiveCfg = Debug|Any CPU
		{B2E04F07-6B8C-4522-8799-8F5619875BD5}.Debug|Any CPU.Build.0 = Debug|Any CPU
		{B2E04F07-6B8C-4522-8799-8F5619875BD5}.Release|Any CPU.ActiveCfg = Release|Any CPU
		{B2E04F07-6B8C-4522-8799-8F5619875BD5}.Release|Any CPU.Build.0 = Release|Any CPU
		{45EFC336-0978-4C5C-91B6-22541C463736}.Debug|Any CPU.ActiveCfg = Debug|Any CPU
		{45EFC336-0978-4C5C-91B6-22541C463736}.Debug|Any CPU.Build.0 = Debug|Any CPU
		{45EFC336-0978-4C5C-91B6-22541C463736}.Release|Any CPU.ActiveCfg = Release|Any CPU
		{45EFC336-0978-4C5C-91B6-22541C463736}.Release|Any CPU.Build.0 = Release|Any CPU
		{1A08F77C-F8A2-4742-9365-E2F98AAB183D}.Debug|Any CPU.ActiveCfg = Debug|Any CPU
		{1A08F77C-F8A2-4742-9365-E2F98AAB183D}.Debug|Any CPU.Build.0 = Debug|Any CPU
		{1A08F77C-F8A2-4742-9365-E2F98AAB183D}.Release|Any CPU.ActiveCfg = Release|Any CPU
		{1A08F77C-F8A2-4742-9365-E2F98AAB183D}.Release|Any CPU.Build.0 = Release|Any CPU
		{1077C660-4E04-447D-8598-64A2DEED23C2}.Debug|Any CPU.ActiveCfg = Debug|Any CPU
		{1077C660-4E04-447D-8598-64A2DEED23C2}.Debug|Any CPU.Build.0 = Debug|Any CPU
		{1077C660-4E04-447D-8598-64A2DEED23C2}.Release|Any CPU.ActiveCfg = Release|Any CPU
		{1077C660-4E04-447D-8598-64A2DEED23C2}.Release|Any CPU.Build.0 = Release|Any CPU
		{D23AEABD-9B3C-40C2-A709-E54B2C839059}.Debug|Any CPU.ActiveCfg = Debug|Any CPU
		{D23AEABD-9B3C-40C2-A709-E54B2C839059}.Debug|Any CPU.Build.0 = Debug|Any CPU
		{D23AEABD-9B3C-40C2-A709-E54B2C839059}.Release|Any CPU.ActiveCfg = Release|Any CPU
		{D23AEABD-9B3C-40C2-A709-E54B2C839059}.Release|Any CPU.Build.0 = Release|Any CPU
		{33E4D3E5-D03C-4B78-8C79-DE00CE52A28B}.Debug|Any CPU.ActiveCfg = Debug|Any CPU
		{33E4D3E5-D03C-4B78-8C79-DE00CE52A28B}.Debug|Any CPU.Build.0 = Debug|Any CPU
		{33E4D3E5-D03C-4B78-8C79-DE00CE52A28B}.Release|Any CPU.ActiveCfg = Release|Any CPU
		{33E4D3E5-D03C-4B78-8C79-DE00CE52A28B}.Release|Any CPU.Build.0 = Release|Any CPU
		{B2B7FCF0-AAE4-411D-884A-3367FB7F9223}.Debug|Any CPU.ActiveCfg = Debug|Any CPU
		{B2B7FCF0-AAE4-411D-884A-3367FB7F9223}.Debug|Any CPU.Build.0 = Debug|Any CPU
		{B2B7FCF0-AAE4-411D-884A-3367FB7F9223}.Release|Any CPU.ActiveCfg = Release|Any CPU
		{B2B7FCF0-AAE4-411D-884A-3367FB7F9223}.Release|Any CPU.Build.0 = Release|Any CPU
		{58AAED8B-C3A1-4A6B-971E-E6DB3AA086F3}.Debug|Any CPU.ActiveCfg = Debug|Any CPU
		{58AAED8B-C3A1-4A6B-971E-E6DB3AA086F3}.Debug|Any CPU.Build.0 = Debug|Any CPU
		{58AAED8B-C3A1-4A6B-971E-E6DB3AA086F3}.Release|Any CPU.ActiveCfg = Release|Any CPU
		{58AAED8B-C3A1-4A6B-971E-E6DB3AA086F3}.Release|Any CPU.Build.0 = Release|Any CPU
		{FEDCC5D1-C6CD-4DB4-9BB6-9D4DB2AD1DD1}.Debug|Any CPU.ActiveCfg = Debug|Any CPU
		{FEDCC5D1-C6CD-4DB4-9BB6-9D4DB2AD1DD1}.Debug|Any CPU.Build.0 = Debug|Any CPU
		{FEDCC5D1-C6CD-4DB4-9BB6-9D4DB2AD1DD1}.Release|Any CPU.ActiveCfg = Release|Any CPU
		{FEDCC5D1-C6CD-4DB4-9BB6-9D4DB2AD1DD1}.Release|Any CPU.Build.0 = Release|Any CPU
	EndGlobalSection
	GlobalSection(NestedProjects) = preSolution
		{9CBAAAC1-91D3-490F-ABA8-8EFB77C50F0E} = {0702E6BC-8F03-4672-972A-E16CBBD3424E}
		{B2E04F07-6B8C-4522-8799-8F5619875BD5} = {F9E94722-061B-4A10-896F-880442F76D1F}
		{45EFC336-0978-4C5C-91B6-22541C463736} = {F9E94722-061B-4A10-896F-880442F76D1F}
		{1A08F77C-F8A2-4742-9365-E2F98AAB183D} = {26DBFC2D-CE5F-488B-BC42-230CFA1DABBB}
		{1077C660-4E04-447D-8598-64A2DEED23C2} = {26DBFC2D-CE5F-488B-BC42-230CFA1DABBB}
		{D23AEABD-9B3C-40C2-A709-E54B2C839059} = {26DBFC2D-CE5F-488B-BC42-230CFA1DABBB}
		{33E4D3E5-D03C-4B78-8C79-DE00CE52A28B} = {26DBFC2D-CE5F-488B-BC42-230CFA1DABBB}
		{B2B7FCF0-AAE4-411D-884A-3367FB7F9223} = {26DBFC2D-CE5F-488B-BC42-230CFA1DABBB}
		{58AAED8B-C3A1-4A6B-971E-E6DB3AA086F3} = {26DBFC2D-CE5F-488B-BC42-230CFA1DABBB}
		{FEDCC5D1-C6CD-4DB4-9BB6-9D4DB2AD1DD1} = {26DBFC2D-CE5F-488B-BC42-230CFA1DABBB}
	EndGlobalSection
EndGlobal
