
Microsoft Visual Studio Solution File, Format Version 12.00
Project("{FAE04EC0-301F-11D3-BF4B-00C04F79EFBC}") = "Reports", "Reports\Reports.csproj", "{DE795B62-36A5-46F0-A9D4-AA8D0321857F}"
EndProject
Project("{FAE04EC0-301F-11D3-BF4B-00C04F79EFBC}") = "Reports.Tests", "Reports.Tests\Reports.Tests.csproj", "{F84AD0DA-CB5C-411D-8C09-EBA33959014F}"
EndProject
Project("{FAE04EC0-301F-11D3-BF4B-00C04F79EFBC}") = "Reports.Html", "Reports.Html\Reports.Html.csproj", "{6B90113E-BDE8-4A75-A1A3-E3FBD8C03495}"
EndProject
Project("{FAE04EC0-301F-11D3-BF4B-00C04F79EFBC}") = "Reports.Html.Tests", "Reports.Html.Tests\Reports.Html.Tests.csproj", "{7CCB292C-AD85-4060-89C0-DEE12439272A}"
EndProject
Project("{FAE04EC0-301F-11D3-BF4B-00C04F79EFBC}") = "ConsoleApp1", "ConsoleApp1\ConsoleApp1.csproj", "{EC74E564-A27A-479F-B64D-4BCFEFB66C35}"
EndProject
Project("{FAE04EC0-301F-11D3-BF4B-00C04F79EFBC}") = "Reports.Excel", "Reports.Excel\Reports.Excel.csproj", "{A2526938-21C8-465A-B806-FA63F7BEE5E6}"
EndProject
Project("{FAE04EC0-301F-11D3-BF4B-00C04F79EFBC}") = "Reports.Extensions.Builders", "Reports.Extensions.Builders\Reports.Extensions.Builders.csproj", "{F2F1D6E1-19DA-435D-B8A7-EF8FE45C45E5}"
EndProject
Global
	GlobalSection(SolutionConfigurationPlatforms) = preSolution
		Debug|Any CPU = Debug|Any CPU
		Release|Any CPU = Release|Any CPU
	EndGlobalSection
	GlobalSection(ProjectConfigurationPlatforms) = postSolution
		{DE795B62-36A5-46F0-A9D4-AA8D0321857F}.Debug|Any CPU.ActiveCfg = Debug|Any CPU
		{DE795B62-36A5-46F0-A9D4-AA8D0321857F}.Debug|Any CPU.Build.0 = Debug|Any CPU
		{DE795B62-36A5-46F0-A9D4-AA8D0321857F}.Release|Any CPU.ActiveCfg = Release|Any CPU
		{DE795B62-36A5-46F0-A9D4-AA8D0321857F}.Release|Any CPU.Build.0 = Release|Any CPU
		{F84AD0DA-CB5C-411D-8C09-EBA33959014F}.Debug|Any CPU.ActiveCfg = Debug|Any CPU
		{F84AD0DA-CB5C-411D-8C09-EBA33959014F}.Debug|Any CPU.Build.0 = Debug|Any CPU
		{F84AD0DA-CB5C-411D-8C09-EBA33959014F}.Release|Any CPU.ActiveCfg = Release|Any CPU
		{F84AD0DA-CB5C-411D-8C09-EBA33959014F}.Release|Any CPU.Build.0 = Release|Any CPU
		{6B90113E-BDE8-4A75-A1A3-E3FBD8C03495}.Debug|Any CPU.ActiveCfg = Debug|Any CPU
		{6B90113E-BDE8-4A75-A1A3-E3FBD8C03495}.Debug|Any CPU.Build.0 = Debug|Any CPU
		{6B90113E-BDE8-4A75-A1A3-E3FBD8C03495}.Release|Any CPU.ActiveCfg = Release|Any CPU
		{6B90113E-BDE8-4A75-A1A3-E3FBD8C03495}.Release|Any CPU.Build.0 = Release|Any CPU
		{7CCB292C-AD85-4060-89C0-DEE12439272A}.Debug|Any CPU.ActiveCfg = Debug|Any CPU
		{7CCB292C-AD85-4060-89C0-DEE12439272A}.Debug|Any CPU.Build.0 = Debug|Any CPU
		{7CCB292C-AD85-4060-89C0-DEE12439272A}.Release|Any CPU.ActiveCfg = Release|Any CPU
		{7CCB292C-AD85-4060-89C0-DEE12439272A}.Release|Any CPU.Build.0 = Release|Any CPU
		{EC74E564-A27A-479F-B64D-4BCFEFB66C35}.Debug|Any CPU.ActiveCfg = Debug|Any CPU
		{EC74E564-A27A-479F-B64D-4BCFEFB66C35}.Debug|Any CPU.Build.0 = Debug|Any CPU
		{EC74E564-A27A-479F-B64D-4BCFEFB66C35}.Release|Any CPU.ActiveCfg = Release|Any CPU
		{EC74E564-A27A-479F-B64D-4BCFEFB66C35}.Release|Any CPU.Build.0 = Release|Any CPU
		{A2526938-21C8-465A-B806-FA63F7BEE5E6}.Debug|Any CPU.ActiveCfg = Debug|Any CPU
		{A2526938-21C8-465A-B806-FA63F7BEE5E6}.Debug|Any CPU.Build.0 = Debug|Any CPU
		{A2526938-21C8-465A-B806-FA63F7BEE5E6}.Release|Any CPU.ActiveCfg = Release|Any CPU
		{A2526938-21C8-465A-B806-FA63F7BEE5E6}.Release|Any CPU.Build.0 = Release|Any CPU
		{F2F1D6E1-19DA-435D-B8A7-EF8FE45C45E5}.Debug|Any CPU.ActiveCfg = Debug|Any CPU
		{F2F1D6E1-19DA-435D-B8A7-EF8FE45C45E5}.Debug|Any CPU.Build.0 = Debug|Any CPU
		{F2F1D6E1-19DA-435D-B8A7-EF8FE45C45E5}.Release|Any CPU.ActiveCfg = Release|Any CPU
		{F2F1D6E1-19DA-435D-B8A7-EF8FE45C45E5}.Release|Any CPU.Build.0 = Release|Any CPU
	EndGlobalSection
EndGlobal
