
Microsoft Visual Studio Solution File, Format Version 12.00
Project("{2150E333-8FDC-42A3-9474-1A3956D46DE8}") = "demos", "demos", "{0702E6BC-8F03-4672-972A-E16CBBD3424E}"
EndProject
Project("{2150E333-8FDC-42A3-9474-1A3956D46DE8}") = "tests", "tests", "{F9E94722-061B-4A10-896F-880442F76D1F}"
EndProject
Project("{FAE04EC0-301F-11D3-BF4B-00C04F79EFBC}") = "XReports.Html.Tests", "tests\XReports.Html.Tests\XReports.Html.Tests.csproj", "{B2E04F07-6B8C-4522-8799-8F5619875BD5}"
EndProject
Project("{FAE04EC0-301F-11D3-BF4B-00C04F79EFBC}") = "XReports.Tests", "tests\XReports.Tests\XReports.Tests.csproj", "{45EFC336-0978-4C5C-91B6-22541C463736}"
EndProject
Project("{2150E333-8FDC-42A3-9474-1A3956D46DE8}") = "src", "src", "{26DBFC2D-CE5F-488B-BC42-230CFA1DABBB}"
EndProject
Project("{FAE04EC0-301F-11D3-BF4B-00C04F79EFBC}") = "XReports.Core", "src\XReports.Core\XReports.Core.csproj", "{1A08F77C-F8A2-4742-9365-E2F98AAB183D}"
EndProject
Project("{FAE04EC0-301F-11D3-BF4B-00C04F79EFBC}") = "XReports.Extensions.Builders.Tests", "tests\XReports.Extensions.Builders.Tests\XReports.Extensions.Builders.Tests.csproj", "{8C346653-7549-4B6E-B3E9-9F93882383FF}"
EndProject
Project("{FAE04EC0-301F-11D3-BF4B-00C04F79EFBC}") = "XReports.Demos.MVC", "demos\XReports.Demos.MVC\XReports.Demos.MVC.csproj", "{10C08E20-75E1-41E5-B5EC-574F469770F7}"
EndProject
Project("{FAE04EC0-301F-11D3-BF4B-00C04F79EFBC}") = "XReports.Demos.FromDb", "demos\XReports.Demos.FromDb\XReports.Demos.FromDb.csproj", "{E5790856-5135-49AF-BEB8-FEA0A55C2211}"
EndProject
Project("{FAE04EC0-301F-11D3-BF4B-00C04F79EFBC}") = "XReports", "src\XReports\XReports.csproj", "{B7B563B3-D050-4221-B6EE-3ADC1711A229}"
EndProject
Project("{2150E333-8FDC-42A3-9474-1A3956D46DE8}") = "docs", "docs", "{2979B4B0-E5A0-4819-9A27-A25B02A4B15B}"
ProjectSection(SolutionItems) = preProject
	docs\index.md = docs\index.md
EndProjectSection
EndProject
Project("{2150E333-8FDC-42A3-9474-1A3956D46DE8}") = "xreports.core", "xreports.core", "{1DA9AC59-265A-49D0-9524-3DBB76EAECB5}"
ProjectSection(SolutionItems) = preProject
	docs\xreports.core\building-reports.md = docs\xreports.core\building-reports.md
	docs\xreports.core\cell-processors.md = docs\xreports.core\cell-processors.md
	docs\xreports.core\properties.md = docs\xreports.core\properties.md
	docs\xreports.core\using-report-converter.md = docs\xreports.core\using-report-converter.md
	docs\xreports.core\value-providers.md = docs\xreports.core\value-providers.md
	docs\xreports.core\cells-providers.md = docs\xreports.core\cells-providers.md
	docs\xreports.core\net-core-integration.md = docs\xreports.core\net-core-integration.md
EndProjectSection
EndProject
Project("{2150E333-8FDC-42A3-9474-1A3956D46DE8}") = "xreports", "xreports", "{89A33C19-AC55-40F3-9392-11CF17EB04B7}"
ProjectSection(SolutionItems) = preProject
	docs\xreports\attribute-based-builder.md = docs\xreports\attribute-based-builder.md
	docs\xreports\cell-types.md = docs\xreports\cell-types.md
	docs\xreports\properties.md = docs\xreports\properties.md
	docs\xreports\epplus-writer.md = docs\xreports\epplus-writer.md
EndProjectSection
EndProject
Global
	GlobalSection(SolutionConfigurationPlatforms) = preSolution
		Debug|Any CPU = Debug|Any CPU
		Release|Any CPU = Release|Any CPU
	EndGlobalSection
	GlobalSection(ProjectConfigurationPlatforms) = postSolution
		{B2E04F07-6B8C-4522-8799-8F5619875BD5}.Debug|Any CPU.ActiveCfg = Debug|Any CPU
		{B2E04F07-6B8C-4522-8799-8F5619875BD5}.Debug|Any CPU.Build.0 = Debug|Any CPU
		{B2E04F07-6B8C-4522-8799-8F5619875BD5}.Release|Any CPU.ActiveCfg = Release|Any CPU
		{B2E04F07-6B8C-4522-8799-8F5619875BD5}.Release|Any CPU.Build.0 = Release|Any CPU
		{45EFC336-0978-4C5C-91B6-22541C463736}.Debug|Any CPU.ActiveCfg = Debug|Any CPU
		{45EFC336-0978-4C5C-91B6-22541C463736}.Debug|Any CPU.Build.0 = Debug|Any CPU
		{45EFC336-0978-4C5C-91B6-22541C463736}.Release|Any CPU.ActiveCfg = Release|Any CPU
		{45EFC336-0978-4C5C-91B6-22541C463736}.Release|Any CPU.Build.0 = Release|Any CPU
		{1A08F77C-F8A2-4742-9365-E2F98AAB183D}.Debug|Any CPU.ActiveCfg = Debug|Any CPU
		{1A08F77C-F8A2-4742-9365-E2F98AAB183D}.Debug|Any CPU.Build.0 = Debug|Any CPU
		{1A08F77C-F8A2-4742-9365-E2F98AAB183D}.Release|Any CPU.ActiveCfg = Release|Any CPU
		{1A08F77C-F8A2-4742-9365-E2F98AAB183D}.Release|Any CPU.Build.0 = Release|Any CPU
		{8C346653-7549-4B6E-B3E9-9F93882383FF}.Debug|Any CPU.ActiveCfg = Debug|Any CPU
		{8C346653-7549-4B6E-B3E9-9F93882383FF}.Debug|Any CPU.Build.0 = Debug|Any CPU
		{8C346653-7549-4B6E-B3E9-9F93882383FF}.Release|Any CPU.ActiveCfg = Release|Any CPU
		{8C346653-7549-4B6E-B3E9-9F93882383FF}.Release|Any CPU.Build.0 = Release|Any CPU
		{10C08E20-75E1-41E5-B5EC-574F469770F7}.Debug|Any CPU.ActiveCfg = Debug|Any CPU
		{10C08E20-75E1-41E5-B5EC-574F469770F7}.Debug|Any CPU.Build.0 = Debug|Any CPU
		{10C08E20-75E1-41E5-B5EC-574F469770F7}.Release|Any CPU.ActiveCfg = Release|Any CPU
		{10C08E20-75E1-41E5-B5EC-574F469770F7}.Release|Any CPU.Build.0 = Release|Any CPU
		{E5790856-5135-49AF-BEB8-FEA0A55C2211}.Debug|Any CPU.ActiveCfg = Debug|Any CPU
		{E5790856-5135-49AF-BEB8-FEA0A55C2211}.Debug|Any CPU.Build.0 = Debug|Any CPU
		{E5790856-5135-49AF-BEB8-FEA0A55C2211}.Release|Any CPU.ActiveCfg = Release|Any CPU
		{E5790856-5135-49AF-BEB8-FEA0A55C2211}.Release|Any CPU.Build.0 = Release|Any CPU
		{B7B563B3-D050-4221-B6EE-3ADC1711A229}.Debug|Any CPU.ActiveCfg = Debug|Any CPU
		{B7B563B3-D050-4221-B6EE-3ADC1711A229}.Debug|Any CPU.Build.0 = Debug|Any CPU
		{B7B563B3-D050-4221-B6EE-3ADC1711A229}.Release|Any CPU.ActiveCfg = Release|Any CPU
		{B7B563B3-D050-4221-B6EE-3ADC1711A229}.Release|Any CPU.Build.0 = Release|Any CPU
	EndGlobalSection
	GlobalSection(NestedProjects) = preSolution
		{B2E04F07-6B8C-4522-8799-8F5619875BD5} = {F9E94722-061B-4A10-896F-880442F76D1F}
		{45EFC336-0978-4C5C-91B6-22541C463736} = {F9E94722-061B-4A10-896F-880442F76D1F}
		{1A08F77C-F8A2-4742-9365-E2F98AAB183D} = {26DBFC2D-CE5F-488B-BC42-230CFA1DABBB}
		{8C346653-7549-4B6E-B3E9-9F93882383FF} = {F9E94722-061B-4A10-896F-880442F76D1F}
		{10C08E20-75E1-41E5-B5EC-574F469770F7} = {0702E6BC-8F03-4672-972A-E16CBBD3424E}
		{E5790856-5135-49AF-BEB8-FEA0A55C2211} = {0702E6BC-8F03-4672-972A-E16CBBD3424E}
		{B7B563B3-D050-4221-B6EE-3ADC1711A229} = {26DBFC2D-CE5F-488B-BC42-230CFA1DABBB}
		{1DA9AC59-265A-49D0-9524-3DBB76EAECB5} = {2979B4B0-E5A0-4819-9A27-A25B02A4B15B}
		{89A33C19-AC55-40F3-9392-11CF17EB04B7} = {2979B4B0-E5A0-4819-9A27-A25B02A4B15B}
	EndGlobalSection
EndGlobal
