
Microsoft Visual Studio Solution File, Format Version 12.00
Project("{2150E333-8FDC-42A3-9474-1A3956D46DE8}") = "demos", "demos", "{0702E6BC-8F03-4672-972A-E16CBBD3424E}"
EndProject
Project("{2150E333-8FDC-42A3-9474-1A3956D46DE8}") = "tests", "tests", "{F9E94722-061B-4A10-896F-880442F76D1F}"
EndProject
Project("{FAE04EC0-301F-11D3-BF4B-00C04F79EFBC}") = "XReports.Tests", "tests\XReports.Tests\XReports.Tests.csproj", "{45EFC336-0978-4C5C-91B6-22541C463736}"
EndProject
Project("{FAE04EC0-301F-11D3-BF4B-00C04F79EFBC}") = "XReports.Core", "src\XReports.Core\XReports.Core.csproj", "{1A08F77C-F8A2-4742-9365-E2F98AAB183D}"
EndProject
Project("{FAE04EC0-301F-11D3-BF4B-00C04F79EFBC}") = "XReports.Demos", "demos\XReports.Demos\XReports.Demos.csproj", "{10C08E20-75E1-41E5-B5EC-574F469770F7}"
EndProject
Project("{FAE04EC0-301F-11D3-BF4B-00C04F79EFBC}") = "XReports", "src\XReports\XReports.csproj", "{B7B563B3-D050-4221-B6EE-3ADC1711A229}"
EndProject
Project("{FAE04EC0-301F-11D3-BF4B-00C04F79EFBC}") = "XReports.Core.Tests", "tests\XReports.Core.Tests\XReports.Core.Tests.csproj", "{E3DDD5DB-6CD7-46AD-9DCA-F6D1D36E7714}"
EndProject
Project("{2150E333-8FDC-42A3-9474-1A3956D46DE8}") = "benchmarks", "benchmarks", "{6E0C7C3A-81C6-453E-8FF9-1C3D96B97B88}"
EndProject
Project("{FAE04EC0-301F-11D3-BF4B-00C04F79EFBC}") = "XReports.Benchmarks.OldVersion", "benchmarks\XReports.Benchmarks.OldVersion\XReports.Benchmarks.OldVersion.csproj", "{D926E405-5165-4BFD-ACFB-B5F7B7CA707D}"
EndProject
Project("{FAE04EC0-301F-11D3-BF4B-00C04F79EFBC}") = "XReports.Benchmarks.NewVersion", "benchmarks\XReports.Benchmarks.NewVersion\XReports.Benchmarks.NewVersion.csproj", "{3249B438-A9FA-4A15-8A52-4695B19ECF70}"
EndProject
Project("{FAE04EC0-301F-11D3-BF4B-00C04F79EFBC}") = "XReports.Benchmarks.Core", "benchmarks\XReports.Benchmarks.Core\XReports.Benchmarks.Core.csproj", "{0B54ECED-076D-4A2A-BC10-93FD160A105E}"
EndProject
Project("{FAE04EC0-301F-11D3-BF4B-00C04F79EFBC}") = "XReports.Benchmarks.ConsoleApp", "benchmarks\XReports.Benchmarks.ConsoleApp\XReports.Benchmarks.ConsoleApp.csproj", "{43F53236-7373-4BE4-A846-3C0872C97C05}"
EndProject
Project("{FAE04EC0-301F-11D3-BF4B-00C04F79EFBC}") = "XReports.Tests.Analyzers", "tests\XReports.Tests.Analyzers\XReports.Tests.Analyzers.csproj", "{D4D39377-AD89-4265-B9C2-8F105B5D7081}"
EndProject
Project("{FAE04EC0-301F-11D3-BF4B-00C04F79EFBC}") = "XReports.Tests.Common", "tests\XReports.Tests.Common\XReports.Tests.Common.csproj", "{8DC2DB68-61B0-4ACA-BC5A-8DFFC560B1BB}"
EndProject
Project("{2150E333-8FDC-42A3-9474-1A3956D46DE8}") = "docs-samples", "docs-samples", "{1AE6B679-F900-4535-AAE4-B86D7B9652E3}"
EndProject
Project("{FAE04EC0-301F-11D3-BF4B-00C04F79EFBC}") = "XReports.DocsSamples.Common", "docs-samples\XReports.DocsSamples.Common\XReports.DocsSamples.Common.csproj", "{930B5F02-7008-42D4-876C-7E894D800F4A}"
EndProject
Project("{2150E333-8FDC-42A3-9474-1A3956D46DE8}") = "building-reports", "building-reports", "{4C57378F-AB50-4059-9EDC-F1FC6F2D8946}"
EndProject
Project("{FAE04EC0-301F-11D3-BF4B-00C04F79EFBC}") = "XReports.DocsSamples.BuildingReports.HorizontalSimple", "docs-samples\building-reports\XReports.DocsSamples.BuildingReports.HorizontalSimple\XReports.DocsSamples.BuildingReports.HorizontalSimple.csproj", "{EF06C92B-BE9B-4822-99A6-B407D83F3B0A}"
EndProject
Project("{FAE04EC0-301F-11D3-BF4B-00C04F79EFBC}") = "XReports.DocsSamples.BuildingReports.VerticalComplexHeader", "docs-samples\building-reports\XReports.DocsSamples.BuildingReports.VerticalComplexHeader\XReports.DocsSamples.BuildingReports.VerticalComplexHeader.csproj", "{45F8C443-9631-4284-A42D-D90CD0015836}"
EndProject
Project("{FAE04EC0-301F-11D3-BF4B-00C04F79EFBC}") = "XReports.DocsSamples.BuildingReports.VerticalFromDataReader", "docs-samples\building-reports\XReports.DocsSamples.BuildingReports.VerticalFromDataReader\XReports.DocsSamples.BuildingReports.VerticalFromDataReader.csproj", "{211282BA-9CC4-45F9-9188-D4F366DFD55D}"
EndProject
Project("{FAE04EC0-301F-11D3-BF4B-00C04F79EFBC}") = "XReports.DocsSamples.BuildingReports.VerticalSimple", "docs-samples\building-reports\XReports.DocsSamples.BuildingReports.VerticalSimple\XReports.DocsSamples.BuildingReports.VerticalSimple.csproj", "{76DDB32A-1339-43D5-9BC1-8B3AD752B5DA}"
EndProject
Project("{FAE04EC0-301F-11D3-BF4B-00C04F79EFBC}") = "XReports.DocsSamples.BuildingReports.HorizontalHeaderRow", "docs-samples\building-reports\XReports.DocsSamples.BuildingReports.HorizontalHeaderRow\XReports.DocsSamples.BuildingReports.HorizontalHeaderRow.csproj", "{69F21D2F-991A-46ED-8814-C92B223001A5}"
EndProject
Project("{FAE04EC0-301F-11D3-BF4B-00C04F79EFBC}") = "XReports.DocsSamples.BuildingReports.HorizontalComplexHeader", "docs-samples\building-reports\XReports.DocsSamples.BuildingReports.HorizontalComplexHeader\XReports.DocsSamples.BuildingReports.HorizontalComplexHeader.csproj", "{F3014A16-E532-462D-8027-AC18577C4F17}"
EndProject
Project("{2150E333-8FDC-42A3-9474-1A3956D46DE8}") = "value-providers", "value-providers", "{C6C5F744-1ED2-4973-A7A3-1C97EDC89F0A}"
EndProject
Project("{FAE04EC0-301F-11D3-BF4B-00C04F79EFBC}") = "XReports.DocsSamples.ValueProviders.UsageExample", "docs-samples\value-providers\XReports.DocsSamples.ValueProviders.UsageExample\XReports.DocsSamples.ValueProviders.UsageExample.csproj", "{E8D67738-C3F3-4517-866B-E1FD661F5B76}"
EndProject
Project("{FAE04EC0-301F-11D3-BF4B-00C04F79EFBC}") = "XReports.DocsSamples.ValueProviders.CreatingValueProvider", "docs-samples\value-providers\XReports.DocsSamples.ValueProviders.CreatingValueProvider\XReports.DocsSamples.ValueProviders.CreatingValueProvider.csproj", "{316FF2DE-1C55-4752-A403-B6649420F9D6}"
EndProject
Project("{2150E333-8FDC-42A3-9474-1A3956D46DE8}") = "properties", "properties", "{BDE3CBEC-A892-4B96-9313-373E6F14EEE6}"
EndProject
Project("{FAE04EC0-301F-11D3-BF4B-00C04F79EFBC}") = "XReports.DocsSamples.Properties.CellProperties", "docs-samples\properties\XReports.DocsSamples.Properties.CellProperties\XReports.DocsSamples.Properties.CellProperties.csproj", "{9B994C81-D5D2-4A6C-8782-4B1D11801ED8}"
EndProject
Project("{2150E333-8FDC-42A3-9474-1A3956D46DE8}") = "using-report-converter", "using-report-converter", "{2FA32ED9-D959-4922-9817-3C43B564E71B}"
EndProject
Project("{FAE04EC0-301F-11D3-BF4B-00C04F79EFBC}") = "XReports.DocsSamples.UsingReportConverter", "docs-samples\using-report-converter\XReports.DocsSamples.UsingReportConverter\XReports.DocsSamples.UsingReportConverter.csproj", "{99B65D8D-16E4-4984-AFAC-DECE024C9F2F}"
EndProject
Project("{2150E333-8FDC-42A3-9474-1A3956D46DE8}") = "cell-processors", "cell-processors", "{B666A436-B251-4942-8670-BE14E5DDA17E}"
EndProject
Project("{FAE04EC0-301F-11D3-BF4B-00C04F79EFBC}") = "XReports.DocsSamples.CellProcessors", "docs-samples\cell-processors\XReports.DocsSamples.CellProcessors\XReports.DocsSamples.CellProcessors.csproj", "{5A2C8243-33AD-401C-8EAE-9B15D786BE8A}"
EndProject
Project("{2150E333-8FDC-42A3-9474-1A3956D46DE8}") = "cell-providers", "cell-providers", "{60900232-2EB4-4EBD-8C14-19379D63946C}"
EndProject
Project("{FAE04EC0-301F-11D3-BF4B-00C04F79EFBC}") = "XReports.DocsSamples.CellProviders.CustomCellProviders", "docs-samples\cell-providers\XReports.DocsSamples.CellProviders.CustomCellProviders\XReports.DocsSamples.CellProviders.CustomCellProviders.csproj", "{823D169F-164B-4732-96C6-C2DE5AF8DBB4}"
EndProject
Project("{2150E333-8FDC-42A3-9474-1A3956D46DE8}") = "net-core-integration", "net-core-integration", "{73AD2A2D-82D1-4041-9975-61970D9C2F06}"
EndProject
Project("{FAE04EC0-301F-11D3-BF4B-00C04F79EFBC}") = "XReports.DocsSamples.NetCoreIntegration.DefaultConverter", "docs-samples\net-core-integration\XReports.DocsSamples.NetCoreIntegration.DefaultConverter\XReports.DocsSamples.NetCoreIntegration.DefaultConverter.csproj", "{88E3AC2B-B844-4A4B-A1F0-F559E6E9A2EF}"
EndProject
Project("{FAE04EC0-301F-11D3-BF4B-00C04F79EFBC}") = "XReports.DocsSamples.NetCoreIntegration.NamedConverters", "docs-samples\net-core-integration\XReports.DocsSamples.NetCoreIntegration.NamedConverters\XReports.DocsSamples.NetCoreIntegration.NamedConverters.csproj", "{53652B70-6D88-4589-A7DD-8B0015928A29}"
EndProject
Project("{2150E333-8FDC-42A3-9474-1A3956D46DE8}") = "attribute-based-builder", "attribute-based-builder", "{ACAB0518-8A5B-45FA-A16A-C1F1058C207A}"
EndProject
Project("{FAE04EC0-301F-11D3-BF4B-00C04F79EFBC}") = "XReports.DocsSamples.AttributeBasedBuilder.CustomAttributes", "docs-samples\attribute-based-builder\XReports.DocsSamples.AttributeBasedBuilder.CustomAttributes\XReports.DocsSamples.AttributeBasedBuilder.CustomAttributes.csproj", "{694983D8-D4A3-4C7B-A18C-C019367D4F78}"
EndProject
Project("{FAE04EC0-301F-11D3-BF4B-00C04F79EFBC}") = "XReports.DocsSamples.AttributeBasedBuilder.ComplexHeader", "docs-samples\attribute-based-builder\XReports.DocsSamples.AttributeBasedBuilder.ComplexHeader\XReports.DocsSamples.AttributeBasedBuilder.ComplexHeader.csproj", "{A0E12F51-23A4-4959-8BFA-FC15D6CB22B0}"
EndProject
Project("{FAE04EC0-301F-11D3-BF4B-00C04F79EFBC}") = "XReports.DocsSamples.AttributeBasedBuilder.PostBuilder", "docs-samples\attribute-based-builder\XReports.DocsSamples.AttributeBasedBuilder.PostBuilder\XReports.DocsSamples.AttributeBasedBuilder.PostBuilder.csproj", "{5F03BEEC-BEAF-4C04-8689-88032FBD4505}"
EndProject
Project("{FAE04EC0-301F-11D3-BF4B-00C04F79EFBC}") = "XReports.DocsSamples.AttributeBasedBuilder.PostBuilderConstructorDependencies", "docs-samples\attribute-based-builder\XReports.DocsSamples.AttributeBasedBuilder.PostBuilderConstructorDependencies\XReports.DocsSamples.AttributeBasedBuilder.PostBuilderConstructorDependencies.csproj", "{5E44767A-3FB3-4543-AD1D-F23603FD8906}"
EndProject
Project("{FAE04EC0-301F-11D3-BF4B-00C04F79EFBC}") = "XReports.DocsSamples.AttributeBasedBuilder.ParameterizedPostBuilder", "docs-samples\attribute-based-builder\XReports.DocsSamples.AttributeBasedBuilder.ParameterizedPostBuilder\XReports.DocsSamples.AttributeBasedBuilder.ParameterizedPostBuilder.csproj", "{4B50B9E3-95FA-4FC7-9795-6D90334C0BE2}"
EndProject
Project("{FAE04EC0-301F-11D3-BF4B-00C04F79EFBC}") = "XReports.DocsSamples.AttributeBasedBuilder.TableProperties", "docs-samples\attribute-based-builder\XReports.DocsSamples.AttributeBasedBuilder.TableProperties\XReports.DocsSamples.AttributeBasedBuilder.TableProperties.csproj", "{D4F342E3-441F-4567-9A83-834ED62B498F}"
EndProject
Global
	GlobalSection(SolutionConfigurationPlatforms) = preSolution
		Debug|Any CPU = Debug|Any CPU
		Release|Any CPU = Release|Any CPU
	EndGlobalSection
	GlobalSection(ProjectConfigurationPlatforms) = postSolution
		{45EFC336-0978-4C5C-91B6-22541C463736}.Debug|Any CPU.ActiveCfg = Debug|Any CPU
		{45EFC336-0978-4C5C-91B6-22541C463736}.Debug|Any CPU.Build.0 = Debug|Any CPU
		{45EFC336-0978-4C5C-91B6-22541C463736}.Release|Any CPU.ActiveCfg = Release|Any CPU
		{45EFC336-0978-4C5C-91B6-22541C463736}.Release|Any CPU.Build.0 = Release|Any CPU
		{1A08F77C-F8A2-4742-9365-E2F98AAB183D}.Debug|Any CPU.ActiveCfg = Debug|Any CPU
		{1A08F77C-F8A2-4742-9365-E2F98AAB183D}.Debug|Any CPU.Build.0 = Debug|Any CPU
		{1A08F77C-F8A2-4742-9365-E2F98AAB183D}.Release|Any CPU.ActiveCfg = Release|Any CPU
		{1A08F77C-F8A2-4742-9365-E2F98AAB183D}.Release|Any CPU.Build.0 = Release|Any CPU
		{10C08E20-75E1-41E5-B5EC-574F469770F7}.Debug|Any CPU.ActiveCfg = Debug|Any CPU
		{10C08E20-75E1-41E5-B5EC-574F469770F7}.Debug|Any CPU.Build.0 = Debug|Any CPU
		{10C08E20-75E1-41E5-B5EC-574F469770F7}.Release|Any CPU.ActiveCfg = Release|Any CPU
		{10C08E20-75E1-41E5-B5EC-574F469770F7}.Release|Any CPU.Build.0 = Release|Any CPU
		{B7B563B3-D050-4221-B6EE-3ADC1711A229}.Debug|Any CPU.ActiveCfg = Debug|Any CPU
		{B7B563B3-D050-4221-B6EE-3ADC1711A229}.Debug|Any CPU.Build.0 = Debug|Any CPU
		{B7B563B3-D050-4221-B6EE-3ADC1711A229}.Release|Any CPU.ActiveCfg = Release|Any CPU
		{B7B563B3-D050-4221-B6EE-3ADC1711A229}.Release|Any CPU.Build.0 = Release|Any CPU
		{E3DDD5DB-6CD7-46AD-9DCA-F6D1D36E7714}.Debug|Any CPU.ActiveCfg = Debug|Any CPU
		{E3DDD5DB-6CD7-46AD-9DCA-F6D1D36E7714}.Debug|Any CPU.Build.0 = Debug|Any CPU
		{E3DDD5DB-6CD7-46AD-9DCA-F6D1D36E7714}.Release|Any CPU.ActiveCfg = Release|Any CPU
		{E3DDD5DB-6CD7-46AD-9DCA-F6D1D36E7714}.Release|Any CPU.Build.0 = Release|Any CPU
		{D926E405-5165-4BFD-ACFB-B5F7B7CA707D}.Debug|Any CPU.ActiveCfg = Debug|Any CPU
		{D926E405-5165-4BFD-ACFB-B5F7B7CA707D}.Debug|Any CPU.Build.0 = Debug|Any CPU
		{D926E405-5165-4BFD-ACFB-B5F7B7CA707D}.Release|Any CPU.ActiveCfg = Release|Any CPU
		{D926E405-5165-4BFD-ACFB-B5F7B7CA707D}.Release|Any CPU.Build.0 = Release|Any CPU
		{3249B438-A9FA-4A15-8A52-4695B19ECF70}.Debug|Any CPU.ActiveCfg = Debug|Any CPU
		{3249B438-A9FA-4A15-8A52-4695B19ECF70}.Debug|Any CPU.Build.0 = Debug|Any CPU
		{3249B438-A9FA-4A15-8A52-4695B19ECF70}.Release|Any CPU.ActiveCfg = Release|Any CPU
		{3249B438-A9FA-4A15-8A52-4695B19ECF70}.Release|Any CPU.Build.0 = Release|Any CPU
		{0B54ECED-076D-4A2A-BC10-93FD160A105E}.Debug|Any CPU.ActiveCfg = Debug|Any CPU
		{0B54ECED-076D-4A2A-BC10-93FD160A105E}.Debug|Any CPU.Build.0 = Debug|Any CPU
		{0B54ECED-076D-4A2A-BC10-93FD160A105E}.Release|Any CPU.ActiveCfg = Release|Any CPU
		{0B54ECED-076D-4A2A-BC10-93FD160A105E}.Release|Any CPU.Build.0 = Release|Any CPU
		{43F53236-7373-4BE4-A846-3C0872C97C05}.Debug|Any CPU.ActiveCfg = Debug|Any CPU
		{43F53236-7373-4BE4-A846-3C0872C97C05}.Debug|Any CPU.Build.0 = Debug|Any CPU
		{43F53236-7373-4BE4-A846-3C0872C97C05}.Release|Any CPU.ActiveCfg = Release|Any CPU
		{43F53236-7373-4BE4-A846-3C0872C97C05}.Release|Any CPU.Build.0 = Release|Any CPU
		{D4D39377-AD89-4265-B9C2-8F105B5D7081}.Debug|Any CPU.ActiveCfg = Debug|Any CPU
		{D4D39377-AD89-4265-B9C2-8F105B5D7081}.Debug|Any CPU.Build.0 = Debug|Any CPU
		{D4D39377-AD89-4265-B9C2-8F105B5D7081}.Release|Any CPU.ActiveCfg = Release|Any CPU
		{D4D39377-AD89-4265-B9C2-8F105B5D7081}.Release|Any CPU.Build.0 = Release|Any CPU
		{8DC2DB68-61B0-4ACA-BC5A-8DFFC560B1BB}.Debug|Any CPU.ActiveCfg = Debug|Any CPU
		{8DC2DB68-61B0-4ACA-BC5A-8DFFC560B1BB}.Debug|Any CPU.Build.0 = Debug|Any CPU
		{8DC2DB68-61B0-4ACA-BC5A-8DFFC560B1BB}.Release|Any CPU.ActiveCfg = Release|Any CPU
		{8DC2DB68-61B0-4ACA-BC5A-8DFFC560B1BB}.Release|Any CPU.Build.0 = Release|Any CPU
		{930B5F02-7008-42D4-876C-7E894D800F4A}.Debug|Any CPU.ActiveCfg = Debug|Any CPU
		{930B5F02-7008-42D4-876C-7E894D800F4A}.Debug|Any CPU.Build.0 = Debug|Any CPU
		{930B5F02-7008-42D4-876C-7E894D800F4A}.Release|Any CPU.ActiveCfg = Release|Any CPU
		{930B5F02-7008-42D4-876C-7E894D800F4A}.Release|Any CPU.Build.0 = Release|Any CPU
		{EF06C92B-BE9B-4822-99A6-B407D83F3B0A}.Debug|Any CPU.ActiveCfg = Debug|Any CPU
		{EF06C92B-BE9B-4822-99A6-B407D83F3B0A}.Debug|Any CPU.Build.0 = Debug|Any CPU
		{EF06C92B-BE9B-4822-99A6-B407D83F3B0A}.Release|Any CPU.ActiveCfg = Release|Any CPU
		{EF06C92B-BE9B-4822-99A6-B407D83F3B0A}.Release|Any CPU.Build.0 = Release|Any CPU
		{45F8C443-9631-4284-A42D-D90CD0015836}.Debug|Any CPU.ActiveCfg = Debug|Any CPU
		{45F8C443-9631-4284-A42D-D90CD0015836}.Debug|Any CPU.Build.0 = Debug|Any CPU
		{45F8C443-9631-4284-A42D-D90CD0015836}.Release|Any CPU.ActiveCfg = Release|Any CPU
		{45F8C443-9631-4284-A42D-D90CD0015836}.Release|Any CPU.Build.0 = Release|Any CPU
		{211282BA-9CC4-45F9-9188-D4F366DFD55D}.Debug|Any CPU.ActiveCfg = Debug|Any CPU
		{211282BA-9CC4-45F9-9188-D4F366DFD55D}.Debug|Any CPU.Build.0 = Debug|Any CPU
		{211282BA-9CC4-45F9-9188-D4F366DFD55D}.Release|Any CPU.ActiveCfg = Release|Any CPU
		{211282BA-9CC4-45F9-9188-D4F366DFD55D}.Release|Any CPU.Build.0 = Release|Any CPU
		{76DDB32A-1339-43D5-9BC1-8B3AD752B5DA}.Debug|Any CPU.ActiveCfg = Debug|Any CPU
		{76DDB32A-1339-43D5-9BC1-8B3AD752B5DA}.Debug|Any CPU.Build.0 = Debug|Any CPU
		{76DDB32A-1339-43D5-9BC1-8B3AD752B5DA}.Release|Any CPU.ActiveCfg = Release|Any CPU
		{76DDB32A-1339-43D5-9BC1-8B3AD752B5DA}.Release|Any CPU.Build.0 = Release|Any CPU
		{69F21D2F-991A-46ED-8814-C92B223001A5}.Debug|Any CPU.ActiveCfg = Debug|Any CPU
		{69F21D2F-991A-46ED-8814-C92B223001A5}.Debug|Any CPU.Build.0 = Debug|Any CPU
		{69F21D2F-991A-46ED-8814-C92B223001A5}.Release|Any CPU.ActiveCfg = Release|Any CPU
		{69F21D2F-991A-46ED-8814-C92B223001A5}.Release|Any CPU.Build.0 = Release|Any CPU
		{F3014A16-E532-462D-8027-AC18577C4F17}.Debug|Any CPU.ActiveCfg = Debug|Any CPU
		{F3014A16-E532-462D-8027-AC18577C4F17}.Debug|Any CPU.Build.0 = Debug|Any CPU
		{F3014A16-E532-462D-8027-AC18577C4F17}.Release|Any CPU.ActiveCfg = Release|Any CPU
		{F3014A16-E532-462D-8027-AC18577C4F17}.Release|Any CPU.Build.0 = Release|Any CPU
		{E8D67738-C3F3-4517-866B-E1FD661F5B76}.Debug|Any CPU.ActiveCfg = Debug|Any CPU
		{E8D67738-C3F3-4517-866B-E1FD661F5B76}.Debug|Any CPU.Build.0 = Debug|Any CPU
		{E8D67738-C3F3-4517-866B-E1FD661F5B76}.Release|Any CPU.ActiveCfg = Release|Any CPU
		{E8D67738-C3F3-4517-866B-E1FD661F5B76}.Release|Any CPU.Build.0 = Release|Any CPU
		{316FF2DE-1C55-4752-A403-B6649420F9D6}.Debug|Any CPU.ActiveCfg = Debug|Any CPU
		{316FF2DE-1C55-4752-A403-B6649420F9D6}.Debug|Any CPU.Build.0 = Debug|Any CPU
		{316FF2DE-1C55-4752-A403-B6649420F9D6}.Release|Any CPU.ActiveCfg = Release|Any CPU
		{316FF2DE-1C55-4752-A403-B6649420F9D6}.Release|Any CPU.Build.0 = Release|Any CPU
		{9B994C81-D5D2-4A6C-8782-4B1D11801ED8}.Debug|Any CPU.ActiveCfg = Debug|Any CPU
		{9B994C81-D5D2-4A6C-8782-4B1D11801ED8}.Debug|Any CPU.Build.0 = Debug|Any CPU
		{9B994C81-D5D2-4A6C-8782-4B1D11801ED8}.Release|Any CPU.ActiveCfg = Release|Any CPU
		{9B994C81-D5D2-4A6C-8782-4B1D11801ED8}.Release|Any CPU.Build.0 = Release|Any CPU
		{99B65D8D-16E4-4984-AFAC-DECE024C9F2F}.Debug|Any CPU.ActiveCfg = Debug|Any CPU
		{99B65D8D-16E4-4984-AFAC-DECE024C9F2F}.Debug|Any CPU.Build.0 = Debug|Any CPU
		{99B65D8D-16E4-4984-AFAC-DECE024C9F2F}.Release|Any CPU.ActiveCfg = Release|Any CPU
		{99B65D8D-16E4-4984-AFAC-DECE024C9F2F}.Release|Any CPU.Build.0 = Release|Any CPU
		{5A2C8243-33AD-401C-8EAE-9B15D786BE8A}.Debug|Any CPU.ActiveCfg = Debug|Any CPU
		{5A2C8243-33AD-401C-8EAE-9B15D786BE8A}.Debug|Any CPU.Build.0 = Debug|Any CPU
		{5A2C8243-33AD-401C-8EAE-9B15D786BE8A}.Release|Any CPU.ActiveCfg = Release|Any CPU
		{5A2C8243-33AD-401C-8EAE-9B15D786BE8A}.Release|Any CPU.Build.0 = Release|Any CPU
		{823D169F-164B-4732-96C6-C2DE5AF8DBB4}.Debug|Any CPU.ActiveCfg = Debug|Any CPU
		{823D169F-164B-4732-96C6-C2DE5AF8DBB4}.Debug|Any CPU.Build.0 = Debug|Any CPU
		{823D169F-164B-4732-96C6-C2DE5AF8DBB4}.Release|Any CPU.ActiveCfg = Release|Any CPU
		{823D169F-164B-4732-96C6-C2DE5AF8DBB4}.Release|Any CPU.Build.0 = Release|Any CPU
		{88E3AC2B-B844-4A4B-A1F0-F559E6E9A2EF}.Debug|Any CPU.ActiveCfg = Debug|Any CPU
		{88E3AC2B-B844-4A4B-A1F0-F559E6E9A2EF}.Debug|Any CPU.Build.0 = Debug|Any CPU
		{88E3AC2B-B844-4A4B-A1F0-F559E6E9A2EF}.Release|Any CPU.ActiveCfg = Release|Any CPU
		{88E3AC2B-B844-4A4B-A1F0-F559E6E9A2EF}.Release|Any CPU.Build.0 = Release|Any CPU
		{53652B70-6D88-4589-A7DD-8B0015928A29}.Debug|Any CPU.ActiveCfg = Debug|Any CPU
		{53652B70-6D88-4589-A7DD-8B0015928A29}.Debug|Any CPU.Build.0 = Debug|Any CPU
		{53652B70-6D88-4589-A7DD-8B0015928A29}.Release|Any CPU.ActiveCfg = Release|Any CPU
		{53652B70-6D88-4589-A7DD-8B0015928A29}.Release|Any CPU.Build.0 = Release|Any CPU
		{694983D8-D4A3-4C7B-A18C-C019367D4F78}.Debug|Any CPU.ActiveCfg = Debug|Any CPU
		{694983D8-D4A3-4C7B-A18C-C019367D4F78}.Debug|Any CPU.Build.0 = Debug|Any CPU
		{694983D8-D4A3-4C7B-A18C-C019367D4F78}.Release|Any CPU.ActiveCfg = Release|Any CPU
		{694983D8-D4A3-4C7B-A18C-C019367D4F78}.Release|Any CPU.Build.0 = Release|Any CPU
		{A0E12F51-23A4-4959-8BFA-FC15D6CB22B0}.Debug|Any CPU.ActiveCfg = Debug|Any CPU
		{A0E12F51-23A4-4959-8BFA-FC15D6CB22B0}.Debug|Any CPU.Build.0 = Debug|Any CPU
		{A0E12F51-23A4-4959-8BFA-FC15D6CB22B0}.Release|Any CPU.ActiveCfg = Release|Any CPU
		{A0E12F51-23A4-4959-8BFA-FC15D6CB22B0}.Release|Any CPU.Build.0 = Release|Any CPU
		{5F03BEEC-BEAF-4C04-8689-88032FBD4505}.Debug|Any CPU.ActiveCfg = Debug|Any CPU
		{5F03BEEC-BEAF-4C04-8689-88032FBD4505}.Debug|Any CPU.Build.0 = Debug|Any CPU
		{5F03BEEC-BEAF-4C04-8689-88032FBD4505}.Release|Any CPU.ActiveCfg = Release|Any CPU
		{5F03BEEC-BEAF-4C04-8689-88032FBD4505}.Release|Any CPU.Build.0 = Release|Any CPU
		{5E44767A-3FB3-4543-AD1D-F23603FD8906}.Debug|Any CPU.ActiveCfg = Debug|Any CPU
		{5E44767A-3FB3-4543-AD1D-F23603FD8906}.Debug|Any CPU.Build.0 = Debug|Any CPU
		{5E44767A-3FB3-4543-AD1D-F23603FD8906}.Release|Any CPU.ActiveCfg = Release|Any CPU
		{5E44767A-3FB3-4543-AD1D-F23603FD8906}.Release|Any CPU.Build.0 = Release|Any CPU
		{4B50B9E3-95FA-4FC7-9795-6D90334C0BE2}.Debug|Any CPU.ActiveCfg = Debug|Any CPU
		{4B50B9E3-95FA-4FC7-9795-6D90334C0BE2}.Debug|Any CPU.Build.0 = Debug|Any CPU
		{4B50B9E3-95FA-4FC7-9795-6D90334C0BE2}.Release|Any CPU.ActiveCfg = Release|Any CPU
		{4B50B9E3-95FA-4FC7-9795-6D90334C0BE2}.Release|Any CPU.Build.0 = Release|Any CPU
		{D4F342E3-441F-4567-9A83-834ED62B498F}.Debug|Any CPU.ActiveCfg = Debug|Any CPU
		{D4F342E3-441F-4567-9A83-834ED62B498F}.Debug|Any CPU.Build.0 = Debug|Any CPU
		{D4F342E3-441F-4567-9A83-834ED62B498F}.Release|Any CPU.ActiveCfg = Release|Any CPU
		{D4F342E3-441F-4567-9A83-834ED62B498F}.Release|Any CPU.Build.0 = Release|Any CPU
	EndGlobalSection
	GlobalSection(NestedProjects) = preSolution
		{45EFC336-0978-4C5C-91B6-22541C463736} = {F9E94722-061B-4A10-896F-880442F76D1F}
		{10C08E20-75E1-41E5-B5EC-574F469770F7} = {0702E6BC-8F03-4672-972A-E16CBBD3424E}
		{E3DDD5DB-6CD7-46AD-9DCA-F6D1D36E7714} = {F9E94722-061B-4A10-896F-880442F76D1F}
		{D926E405-5165-4BFD-ACFB-B5F7B7CA707D} = {6E0C7C3A-81C6-453E-8FF9-1C3D96B97B88}
		{3249B438-A9FA-4A15-8A52-4695B19ECF70} = {6E0C7C3A-81C6-453E-8FF9-1C3D96B97B88}
		{0B54ECED-076D-4A2A-BC10-93FD160A105E} = {6E0C7C3A-81C6-453E-8FF9-1C3D96B97B88}
		{43F53236-7373-4BE4-A846-3C0872C97C05} = {6E0C7C3A-81C6-453E-8FF9-1C3D96B97B88}
		{D4D39377-AD89-4265-B9C2-8F105B5D7081} = {F9E94722-061B-4A10-896F-880442F76D1F}
		{8DC2DB68-61B0-4ACA-BC5A-8DFFC560B1BB} = {F9E94722-061B-4A10-896F-880442F76D1F}
		{930B5F02-7008-42D4-876C-7E894D800F4A} = {1AE6B679-F900-4535-AAE4-B86D7B9652E3}
		{4C57378F-AB50-4059-9EDC-F1FC6F2D8946} = {1AE6B679-F900-4535-AAE4-B86D7B9652E3}
		{EF06C92B-BE9B-4822-99A6-B407D83F3B0A} = {4C57378F-AB50-4059-9EDC-F1FC6F2D8946}
		{45F8C443-9631-4284-A42D-D90CD0015836} = {4C57378F-AB50-4059-9EDC-F1FC6F2D8946}
		{211282BA-9CC4-45F9-9188-D4F366DFD55D} = {4C57378F-AB50-4059-9EDC-F1FC6F2D8946}
		{76DDB32A-1339-43D5-9BC1-8B3AD752B5DA} = {4C57378F-AB50-4059-9EDC-F1FC6F2D8946}
		{69F21D2F-991A-46ED-8814-C92B223001A5} = {4C57378F-AB50-4059-9EDC-F1FC6F2D8946}
		{F3014A16-E532-462D-8027-AC18577C4F17} = {4C57378F-AB50-4059-9EDC-F1FC6F2D8946}
		{C6C5F744-1ED2-4973-A7A3-1C97EDC89F0A} = {1AE6B679-F900-4535-AAE4-B86D7B9652E3}
		{E8D67738-C3F3-4517-866B-E1FD661F5B76} = {C6C5F744-1ED2-4973-A7A3-1C97EDC89F0A}
		{316FF2DE-1C55-4752-A403-B6649420F9D6} = {C6C5F744-1ED2-4973-A7A3-1C97EDC89F0A}
		{BDE3CBEC-A892-4B96-9313-373E6F14EEE6} = {1AE6B679-F900-4535-AAE4-B86D7B9652E3}
		{9B994C81-D5D2-4A6C-8782-4B1D11801ED8} = {BDE3CBEC-A892-4B96-9313-373E6F14EEE6}
		{2FA32ED9-D959-4922-9817-3C43B564E71B} = {1AE6B679-F900-4535-AAE4-B86D7B9652E3}
		{99B65D8D-16E4-4984-AFAC-DECE024C9F2F} = {2FA32ED9-D959-4922-9817-3C43B564E71B}
		{B666A436-B251-4942-8670-BE14E5DDA17E} = {1AE6B679-F900-4535-AAE4-B86D7B9652E3}
		{5A2C8243-33AD-401C-8EAE-9B15D786BE8A} = {B666A436-B251-4942-8670-BE14E5DDA17E}
		{60900232-2EB4-4EBD-8C14-19379D63946C} = {1AE6B679-F900-4535-AAE4-B86D7B9652E3}
		{823D169F-164B-4732-96C6-C2DE5AF8DBB4} = {60900232-2EB4-4EBD-8C14-19379D63946C}
		{73AD2A2D-82D1-4041-9975-61970D9C2F06} = {1AE6B679-F900-4535-AAE4-B86D7B9652E3}
		{88E3AC2B-B844-4A4B-A1F0-F559E6E9A2EF} = {73AD2A2D-82D1-4041-9975-61970D9C2F06}
		{53652B70-6D88-4589-A7DD-8B0015928A29} = {73AD2A2D-82D1-4041-9975-61970D9C2F06}
		{ACAB0518-8A5B-45FA-A16A-C1F1058C207A} = {1AE6B679-F900-4535-AAE4-B86D7B9652E3}
		{694983D8-D4A3-4C7B-A18C-C019367D4F78} = {ACAB0518-8A5B-45FA-A16A-C1F1058C207A}
		{A0E12F51-23A4-4959-8BFA-FC15D6CB22B0} = {ACAB0518-8A5B-45FA-A16A-C1F1058C207A}
		{5F03BEEC-BEAF-4C04-8689-88032FBD4505} = {ACAB0518-8A5B-45FA-A16A-C1F1058C207A}
		{5E44767A-3FB3-4543-AD1D-F23603FD8906} = {ACAB0518-8A5B-45FA-A16A-C1F1058C207A}
		{4B50B9E3-95FA-4FC7-9795-6D90334C0BE2} = {ACAB0518-8A5B-45FA-A16A-C1F1058C207A}
		{D4F342E3-441F-4567-9A83-834ED62B498F} = {ACAB0518-8A5B-45FA-A16A-C1F1058C207A}
	EndGlobalSection
EndGlobal
